// !$*UTF8*$!
{
	archiveVersion = 1;
	classes = {
	};
	objectVersion = 46;
	objects = {

/* Begin PBXBuildFile section */
		543D516A1AC8E37600B67463 /* main.m in Sources */ = {isa = PBXBuildFile; fileRef = 543D51691AC8E37600B67463 /* main.m */; };
		543D516D1AC8E37600B67463 /* AppDelegate.m in Sources */ = {isa = PBXBuildFile; fileRef = 543D516C1AC8E37600B67463 /* AppDelegate.m */; };
		543D51701AC8E37600B67463 /* ViewController.m in Sources */ = {isa = PBXBuildFile; fileRef = 543D516F1AC8E37600B67463 /* ViewController.m */; };
		543D51731AC8E37600B67463 /* Main.storyboard in Resources */ = {isa = PBXBuildFile; fileRef = 543D51711AC8E37600B67463 /* Main.storyboard */; };
		543D51751AC8E37600B67463 /* Images.xcassets in Resources */ = {isa = PBXBuildFile; fileRef = 543D51741AC8E37600B67463 /* Images.xcassets */; };
		543D51781AC8E37600B67463 /* LaunchScreen.xib in Resources */ = {isa = PBXBuildFile; fileRef = 543D51761AC8E37600B67463 /* LaunchScreen.xib */; };
		543D51841AC8E37600B67463 /* FlatHangmanTests.m in Sources */ = {isa = PBXBuildFile; fileRef = 543D51831AC8E37600B67463 /* FlatHangmanTests.m */; };
		549087A01AC9B58C000D80EA /* a.png in Resources */ = {isa = PBXBuildFile; fileRef = 549087861AC9B58C000D80EA /* a.png */; };
		549087A11AC9B58C000D80EA /* b.png in Resources */ = {isa = PBXBuildFile; fileRef = 549087871AC9B58C000D80EA /* b.png */; };
		549087A21AC9B58C000D80EA /* c.png in Resources */ = {isa = PBXBuildFile; fileRef = 549087881AC9B58C000D80EA /* c.png */; };
		549087A31AC9B58C000D80EA /* d.png in Resources */ = {isa = PBXBuildFile; fileRef = 549087891AC9B58C000D80EA /* d.png */; };
		549087A41AC9B58C000D80EA /* e.png in Resources */ = {isa = PBXBuildFile; fileRef = 5490878A1AC9B58C000D80EA /* e.png */; };
		549087A51AC9B58C000D80EA /* f.png in Resources */ = {isa = PBXBuildFile; fileRef = 5490878B1AC9B58C000D80EA /* f.png */; };
		549087A61AC9B58C000D80EA /* g.png in Resources */ = {isa = PBXBuildFile; fileRef = 5490878C1AC9B58C000D80EA /* g.png */; };
		549087A71AC9B58C000D80EA /* h.png in Resources */ = {isa = PBXBuildFile; fileRef = 5490878D1AC9B58C000D80EA /* h.png */; };
		549087A81AC9B58C000D80EA /* i.png in Resources */ = {isa = PBXBuildFile; fileRef = 5490878E1AC9B58C000D80EA /* i.png */; };
		549087A91AC9B58C000D80EA /* j.png in Resources */ = {isa = PBXBuildFile; fileRef = 5490878F1AC9B58C000D80EA /* j.png */; };
		549087AA1AC9B58C000D80EA /* k.png in Resources */ = {isa = PBXBuildFile; fileRef = 549087901AC9B58C000D80EA /* k.png */; };
		549087AB1AC9B58C000D80EA /* l.png in Resources */ = {isa = PBXBuildFile; fileRef = 549087911AC9B58C000D80EA /* l.png */; };
		549087AC1AC9B58C000D80EA /* m.png in Resources */ = {isa = PBXBuildFile; fileRef = 549087921AC9B58C000D80EA /* m.png */; };
		549087AD1AC9B58C000D80EA /* n.png in Resources */ = {isa = PBXBuildFile; fileRef = 549087931AC9B58C000D80EA /* n.png */; };
		549087AE1AC9B58C000D80EA /* o.png in Resources */ = {isa = PBXBuildFile; fileRef = 549087941AC9B58C000D80EA /* o.png */; };
		549087AF1AC9B58C000D80EA /* p.png in Resources */ = {isa = PBXBuildFile; fileRef = 549087951AC9B58C000D80EA /* p.png */; };
		549087B01AC9B58C000D80EA /* q.png in Resources */ = {isa = PBXBuildFile; fileRef = 549087961AC9B58C000D80EA /* q.png */; };
		549087B11AC9B58C000D80EA /* r.png in Resources */ = {isa = PBXBuildFile; fileRef = 549087971AC9B58C000D80EA /* r.png */; };
		549087B21AC9B58C000D80EA /* s.png in Resources */ = {isa = PBXBuildFile; fileRef = 549087981AC9B58C000D80EA /* s.png */; };
		549087B31AC9B58C000D80EA /* t.png in Resources */ = {isa = PBXBuildFile; fileRef = 549087991AC9B58C000D80EA /* t.png */; };
		549087B41AC9B58C000D80EA /* u.png in Resources */ = {isa = PBXBuildFile; fileRef = 5490879A1AC9B58C000D80EA /* u.png */; };
		549087B51AC9B58C000D80EA /* v.png in Resources */ = {isa = PBXBuildFile; fileRef = 5490879B1AC9B58C000D80EA /* v.png */; };
		549087B61AC9B58C000D80EA /* w.png in Resources */ = {isa = PBXBuildFile; fileRef = 5490879C1AC9B58C000D80EA /* w.png */; };
		549087B71AC9B58C000D80EA /* x.png in Resources */ = {isa = PBXBuildFile; fileRef = 5490879D1AC9B58C000D80EA /* x.png */; };
		549087B81AC9B58C000D80EA /* y.png in Resources */ = {isa = PBXBuildFile; fileRef = 5490879E1AC9B58C000D80EA /* y.png */; };
		549087B91AC9B58C000D80EA /* z.png in Resources */ = {isa = PBXBuildFile; fileRef = 5490879F1AC9B58C000D80EA /* z.png */; };
/* End PBXBuildFile section */

/* Begin PBXContainerItemProxy section */
		543D517E1AC8E37600B67463 /* PBXContainerItemProxy */ = {
			isa = PBXContainerItemProxy;
			containerPortal = 543D515C1AC8E37600B67463 /* Project object */;
			proxyType = 1;
			remoteGlobalIDString = 543D51631AC8E37600B67463;
			remoteInfo = FlatHangman;
		};
/* End PBXContainerItemProxy section */

/* Begin PBXFileReference section */
		543D51641AC8E37600B67463 /* FlatHangman.app */ = {isa = PBXFileReference; explicitFileType = wrapper.application; includeInIndex = 0; path = FlatHangman.app; sourceTree = BUILT_PRODUCTS_DIR; };
		543D51681AC8E37600B67463 /* Info.plist */ = {isa = PBXFileReference; lastKnownFileType = text.plist.xml; path = Info.plist; sourceTree = "<group>"; };
		543D51691AC8E37600B67463 /* main.m */ = {isa = PBXFileReference; lastKnownFileType = sourcecode.c.objc; path = main.m; sourceTree = "<group>"; };
		543D516B1AC8E37600B67463 /* AppDelegate.h */ = {isa = PBXFileReference; lastKnownFileType = sourcecode.c.h; path = AppDelegate.h; sourceTree = "<group>"; };
		543D516C1AC8E37600B67463 /* AppDelegate.m */ = {isa = PBXFileReference; lastKnownFileType = sourcecode.c.objc; path = AppDelegate.m; sourceTree = "<group>"; };
		543D516E1AC8E37600B67463 /* ViewController.h */ = {isa = PBXFileReference; lastKnownFileType = sourcecode.c.h; path = ViewController.h; sourceTree = "<group>"; };
		543D516F1AC8E37600B67463 /* ViewController.m */ = {isa = PBXFileReference; lastKnownFileType = sourcecode.c.objc; path = ViewController.m; sourceTree = "<group>"; };
		543D51721AC8E37600B67463 /* Base */ = {isa = PBXFileReference; lastKnownFileType = file.storyboard; name = Base; path = Base.lproj/Main.storyboard; sourceTree = "<group>"; };
		543D51741AC8E37600B67463 /* Images.xcassets */ = {isa = PBXFileReference; lastKnownFileType = folder.assetcatalog; path = Images.xcassets; sourceTree = "<group>"; };
		543D51771AC8E37600B67463 /* Base */ = {isa = PBXFileReference; lastKnownFileType = file.xib; name = Base; path = Base.lproj/LaunchScreen.xib; sourceTree = "<group>"; };
		543D517D1AC8E37600B67463 /* FlatHangmanTests.xctest */ = {isa = PBXFileReference; explicitFileType = wrapper.cfbundle; includeInIndex = 0; path = FlatHangmanTests.xctest; sourceTree = BUILT_PRODUCTS_DIR; };
		543D51821AC8E37600B67463 /* Info.plist */ = {isa = PBXFileReference; lastKnownFileType = text.plist.xml; path = Info.plist; sourceTree = "<group>"; };
		543D51831AC8E37600B67463 /* FlatHangmanTests.m */ = {isa = PBXFileReference; lastKnownFileType = sourcecode.c.objc; path = FlatHangmanTests.m; sourceTree = "<group>"; };
		549087861AC9B58C000D80EA /* a.png */ = {isa = PBXFileReference; lastKnownFileType = image.png; path = a.png; sourceTree = "<group>"; };
		549087871AC9B58C000D80EA /* b.png */ = {isa = PBXFileReference; lastKnownFileType = image.png; path = b.png; sourceTree = "<group>"; };
		549087881AC9B58C000D80EA /* c.png */ = {isa = PBXFileReference; lastKnownFileType = image.png; path = c.png; sourceTree = "<group>"; };
		549087891AC9B58C000D80EA /* d.png */ = {isa = PBXFileReference; lastKnownFileType = image.png; path = d.png; sourceTree = "<group>"; };
		5490878A1AC9B58C000D80EA /* e.png */ = {isa = PBXFileReference; lastKnownFileType = image.png; path = e.png; sourceTree = "<group>"; };
		5490878B1AC9B58C000D80EA /* f.png */ = {isa = PBXFileReference; lastKnownFileType = image.png; path = f.png; sourceTree = "<group>"; };
		5490878C1AC9B58C000D80EA /* g.png */ = {isa = PBXFileReference; lastKnownFileType = image.png; path = g.png; sourceTree = "<group>"; };
		5490878D1AC9B58C000D80EA /* h.png */ = {isa = PBXFileReference; lastKnownFileType = image.png; path = h.png; sourceTree = "<group>"; };
		5490878E1AC9B58C000D80EA /* i.png */ = {isa = PBXFileReference; lastKnownFileType = image.png; path = i.png; sourceTree = "<group>"; };
		5490878F1AC9B58C000D80EA /* j.png */ = {isa = PBXFileReference; lastKnownFileType = image.png; path = j.png; sourceTree = "<group>"; };
		549087901AC9B58C000D80EA /* k.png */ = {isa = PBXFileReference; lastKnownFileType = image.png; path = k.png; sourceTree = "<group>"; };
		549087911AC9B58C000D80EA /* l.png */ = {isa = PBXFileReference; lastKnownFileType = image.png; path = l.png; sourceTree = "<group>"; };
		549087921AC9B58C000D80EA /* m.png */ = {isa = PBXFileReference; lastKnownFileType = image.png; path = m.png; sourceTree = "<group>"; };
		549087931AC9B58C000D80EA /* n.png */ = {isa = PBXFileReference; lastKnownFileType = image.png; path = n.png; sourceTree = "<group>"; };
		549087941AC9B58C000D80EA /* o.png */ = {isa = PBXFileReference; lastKnownFileType = image.png; path = o.png; sourceTree = "<group>"; };
		549087951AC9B58C000D80EA /* p.png */ = {isa = PBXFileReference; lastKnownFileType = image.png; path = p.png; sourceTree = "<group>"; };
		549087961AC9B58C000D80EA /* q.png */ = {isa = PBXFileReference; lastKnownFileType = image.png; path = q.png; sourceTree = "<group>"; };
		549087971AC9B58C000D80EA /* r.png */ = {isa = PBXFileReference; lastKnownFileType = image.png; path = r.png; sourceTree = "<group>"; };
		549087981AC9B58C000D80EA /* s.png */ = {isa = PBXFileReference; lastKnownFileType = image.png; path = s.png; sourceTree = "<group>"; };
		549087991AC9B58C000D80EA /* t.png */ = {isa = PBXFileReference; lastKnownFileType = image.png; path = t.png; sourceTree = "<group>"; };
		5490879A1AC9B58C000D80EA /* u.png */ = {isa = PBXFileReference; lastKnownFileType = image.png; path = u.png; sourceTree = "<group>"; };
		5490879B1AC9B58C000D80EA /* v.png */ = {isa = PBXFileReference; lastKnownFileType = image.png; path = v.png; sourceTree = "<group>"; };
		5490879C1AC9B58C000D80EA /* w.png */ = {isa = PBXFileReference; lastKnownFileType = image.png; path = w.png; sourceTree = "<group>"; };
		5490879D1AC9B58C000D80EA /* x.png */ = {isa = PBXFileReference; lastKnownFileType = image.png; path = x.png; sourceTree = "<group>"; };
		5490879E1AC9B58C000D80EA /* y.png */ = {isa = PBXFileReference; lastKnownFileType = image.png; path = y.png; sourceTree = "<group>"; };
		5490879F1AC9B58C000D80EA /* z.png */ = {isa = PBXFileReference; lastKnownFileType = image.png; path = z.png; sourceTree = "<group>"; };
/* End PBXFileReference section */

/* Begin PBXFrameworksBuildPhase section */
		543D51611AC8E37600B67463 /* Frameworks */ = {
			isa = PBXFrameworksBuildPhase;
			buildActionMask = 2147483647;
			files = (
			);
			runOnlyForDeploymentPostprocessing = 0;
		};
		543D517A1AC8E37600B67463 /* Frameworks */ = {
			isa = PBXFrameworksBuildPhase;
			buildActionMask = 2147483647;
			files = (
			);
			runOnlyForDeploymentPostprocessing = 0;
		};
/* End PBXFrameworksBuildPhase section */

/* Begin PBXGroup section */
		543D515B1AC8E37600B67463 = {
			isa = PBXGroup;
			children = (
				543D51661AC8E37600B67463 /* FlatHangman */,
				543D51801AC8E37600B67463 /* FlatHangmanTests */,
				543D51651AC8E37600B67463 /* Products */,
			);
			sourceTree = "<group>";
		};
		543D51651AC8E37600B67463 /* Products */ = {
			isa = PBXGroup;
			children = (
				543D51641AC8E37600B67463 /* FlatHangman.app */,
				543D517D1AC8E37600B67463 /* FlatHangmanTests.xctest */,
			);
			name = Products;
			sourceTree = "<group>";
		};
		543D51661AC8E37600B67463 /* FlatHangman */ = {
			isa = PBXGroup;
			children = (
				543D516B1AC8E37600B67463 /* AppDelegate.h */,
				543D516C1AC8E37600B67463 /* AppDelegate.m */,
				543D516E1AC8E37600B67463 /* ViewController.h */,
				543D516F1AC8E37600B67463 /* ViewController.m */,
				543D51711AC8E37600B67463 /* Main.storyboard */,
				543D51741AC8E37600B67463 /* Images.xcassets */,
				543D51761AC8E37600B67463 /* LaunchScreen.xib */,
				543D51671AC8E37600B67463 /* Supporting Files */,
			);
			path = FlatHangman;
			sourceTree = "<group>";
		};
		543D51671AC8E37600B67463 /* Supporting Files */ = {
			isa = PBXGroup;
			children = (
				549087851AC9B58C000D80EA /* Lowercase Letters */,
				543D51681AC8E37600B67463 /* Info.plist */,
				543D51691AC8E37600B67463 /* main.m */,
			);
			name = "Supporting Files";
			sourceTree = "<group>";
		};
		543D51801AC8E37600B67463 /* FlatHangmanTests */ = {
			isa = PBXGroup;
			children = (
				543D51831AC8E37600B67463 /* FlatHangmanTests.m */,
				543D51811AC8E37600B67463 /* Supporting Files */,
			);
			path = FlatHangmanTests;
			sourceTree = "<group>";
		};
		543D51811AC8E37600B67463 /* Supporting Files */ = {
			isa = PBXGroup;
			children = (
				543D51821AC8E37600B67463 /* Info.plist */,
			);
			name = "Supporting Files";
			sourceTree = "<group>";
		};
		549087851AC9B58C000D80EA /* Lowercase Letters */ = {
			isa = PBXGroup;
			children = (
				549087861AC9B58C000D80EA /* a.png */,
				549087871AC9B58C000D80EA /* b.png */,
				549087881AC9B58C000D80EA /* c.png */,
				549087891AC9B58C000D80EA /* d.png */,
				5490878A1AC9B58C000D80EA /* e.png */,
				5490878B1AC9B58C000D80EA /* f.png */,
				5490878C1AC9B58C000D80EA /* g.png */,
				5490878D1AC9B58C000D80EA /* h.png */,
				5490878E1AC9B58C000D80EA /* i.png */,
				5490878F1AC9B58C000D80EA /* j.png */,
				549087901AC9B58C000D80EA /* k.png */,
				549087911AC9B58C000D80EA /* l.png */,
				549087921AC9B58C000D80EA /* m.png */,
				549087931AC9B58C000D80EA /* n.png */,
				549087941AC9B58C000D80EA /* o.png */,
				549087951AC9B58C000D80EA /* p.png */,
				549087961AC9B58C000D80EA /* q.png */,
				549087971AC9B58C000D80EA /* r.png */,
				549087981AC9B58C000D80EA /* s.png */,
				549087991AC9B58C000D80EA /* t.png */,
				5490879A1AC9B58C000D80EA /* u.png */,
				5490879B1AC9B58C000D80EA /* v.png */,
				5490879C1AC9B58C000D80EA /* w.png */,
				5490879D1AC9B58C000D80EA /* x.png */,
				5490879E1AC9B58C000D80EA /* y.png */,
				5490879F1AC9B58C000D80EA /* z.png */,
			);
			path = "Lowercase Letters";
			sourceTree = "<group>";
		};
/* End PBXGroup section */

/* Begin PBXNativeTarget section */
		543D51631AC8E37600B67463 /* FlatHangman */ = {
			isa = PBXNativeTarget;
			buildConfigurationList = 543D51871AC8E37600B67463 /* Build configuration list for PBXNativeTarget "FlatHangman" */;
			buildPhases = (
				543D51601AC8E37600B67463 /* Sources */,
				543D51611AC8E37600B67463 /* Frameworks */,
				543D51621AC8E37600B67463 /* Resources */,
			);
			buildRules = (
			);
			dependencies = (
			);
			name = FlatHangman;
			productName = FlatHangman;
			productReference = 543D51641AC8E37600B67463 /* FlatHangman.app */;
			productType = "com.apple.product-type.application";
		};
		543D517C1AC8E37600B67463 /* FlatHangmanTests */ = {
			isa = PBXNativeTarget;
			buildConfigurationList = 543D518A1AC8E37600B67463 /* Build configuration list for PBXNativeTarget "FlatHangmanTests" */;
			buildPhases = (
				543D51791AC8E37600B67463 /* Sources */,
				543D517A1AC8E37600B67463 /* Frameworks */,
				543D517B1AC8E37600B67463 /* Resources */,
			);
			buildRules = (
			);
			dependencies = (
				543D517F1AC8E37600B67463 /* PBXTargetDependency */,
			);
			name = FlatHangmanTests;
			productName = FlatHangmanTests;
			productReference = 543D517D1AC8E37600B67463 /* FlatHangmanTests.xctest */;
			productType = "com.apple.product-type.bundle.unit-test";
		};
/* End PBXNativeTarget section */

/* Begin PBXProject section */
		543D515C1AC8E37600B67463 /* Project object */ = {
			isa = PBXProject;
			attributes = {
				LastUpgradeCheck = 0610;
				ORGANIZATIONNAME = "Nam Hyun Jo";
				TargetAttributes = {
					543D51631AC8E37600B67463 = {
						CreatedOnToolsVersion = 6.1.1;
					};
					543D517C1AC8E37600B67463 = {
						CreatedOnToolsVersion = 6.1.1;
						TestTargetID = 543D51631AC8E37600B67463;
					};
				};
			};
			buildConfigurationList = 543D515F1AC8E37600B67463 /* Build configuration list for PBXProject "FlatHangman" */;
			compatibilityVersion = "Xcode 3.2";
			developmentRegion = English;
			hasScannedForEncodings = 0;
			knownRegions = (
				en,
				Base,
			);
			mainGroup = 543D515B1AC8E37600B67463;
			productRefGroup = 543D51651AC8E37600B67463 /* Products */;
			projectDirPath = "";
			projectRoot = "";
			targets = (
				543D51631AC8E37600B67463 /* FlatHangman */,
				543D517C1AC8E37600B67463 /* FlatHangmanTests */,
			);
		};
/* End PBXProject section */

/* Begin PBXResourcesBuildPhase section */
		543D51621AC8E37600B67463 /* Resources */ = {
			isa = PBXResourcesBuildPhase;
			buildActionMask = 2147483647;
			files = (
				549087A71AC9B58C000D80EA /* h.png in Resources */,
				549087B01AC9B58C000D80EA /* q.png in Resources */,
				543D51731AC8E37600B67463 /* Main.storyboard in Resources */,
				549087A61AC9B58C000D80EA /* g.png in Resources */,
				549087AE1AC9B58C000D80EA /* o.png in Resources */,
				549087B81AC9B58C000D80EA /* y.png in Resources */,
				549087A11AC9B58C000D80EA /* b.png in Resources */,
				549087B51AC9B58C000D80EA /* v.png in Resources */,
				549087B31AC9B58C000D80EA /* t.png in Resources */,
				549087A01AC9B58C000D80EA /* a.png in Resources */,
				549087AC1AC9B58C000D80EA /* m.png in Resources */,
				549087AA1AC9B58C000D80EA /* k.png in Resources */,
				549087B91AC9B58C000D80EA /* z.png in Resources */,
				549087AB1AC9B58C000D80EA /* l.png in Resources */,
				549087A51AC9B58C000D80EA /* f.png in Resources */,
				549087B21AC9B58C000D80EA /* s.png in Resources */,
				549087A91AC9B58C000D80EA /* j.png in Resources */,
				549087B11AC9B58C000D80EA /* r.png in Resources */,
				549087A21AC9B58C000D80EA /* c.png in Resources */,
				549087AD1AC9B58C000D80EA /* n.png in Resources */,
				543D51781AC8E37600B67463 /* LaunchScreen.xib in Resources */,
				549087B61AC9B58C000D80EA /* w.png in Resources */,
				549087A41AC9B58C000D80EA /* e.png in Resources */,
				549087B71AC9B58C000D80EA /* x.png in Resources */,
				549087A81AC9B58C000D80EA /* i.png in Resources */,
				549087A31AC9B58C000D80EA /* d.png in Resources */,
				549087B41AC9B58C000D80EA /* u.png in Resources */,
				543D51751AC8E37600B67463 /* Images.xcassets in Resources */,
				549087AF1AC9B58C000D80EA /* p.png in Resources */,
			);
			runOnlyForDeploymentPostprocessing = 0;
		};
		543D517B1AC8E37600B67463 /* Resources */ = {
			isa = PBXResourcesBuildPhase;
			buildActionMask = 2147483647;
			files = (
			);
			runOnlyForDeploymentPostprocessing = 0;
		};
/* End PBXResourcesBuildPhase section */

/* Begin PBXSourcesBuildPhase section */
		543D51601AC8E37600B67463 /* Sources */ = {
			isa = PBXSourcesBuildPhase;
			buildActionMask = 2147483647;
			files = (
				543D51701AC8E37600B67463 /* ViewController.m in Sources */,
				543D516D1AC8E37600B67463 /* AppDelegate.m in Sources */,
				543D516A1AC8E37600B67463 /* main.m in Sources */,
			);
			runOnlyForDeploymentPostprocessing = 0;
		};
		543D51791AC8E37600B67463 /* Sources */ = {
			isa = PBXSourcesBuildPhase;
			buildActionMask = 2147483647;
			files = (
				543D51841AC8E37600B67463 /* FlatHangmanTests.m in Sources */,
			);
			runOnlyForDeploymentPostprocessing = 0;
		};
/* End PBXSourcesBuildPhase section */

/* Begin PBXTargetDependency section */
		543D517F1AC8E37600B67463 /* PBXTargetDependency */ = {
			isa = PBXTargetDependency;
			target = 543D51631AC8E37600B67463 /* FlatHangman */;
			targetProxy = 543D517E1AC8E37600B67463 /* PBXContainerItemProxy */;
		};
/* End PBXTargetDependency section */

/* Begin PBXVariantGroup section */
		543D51711AC8E37600B67463 /* Main.storyboard */ = {
			isa = PBXVariantGroup;
			children = (
				543D51721AC8E37600B67463 /* Base */,
			);
			name = Main.storyboard;
			sourceTree = "<group>";
		};
		543D51761AC8E37600B67463 /* LaunchScreen.xib */ = {
			isa = PBXVariantGroup;
			children = (
				543D51771AC8E37600B67463 /* Base */,
			);
			name = LaunchScreen.xib;
			sourceTree = "<group>";
		};
/* End PBXVariantGroup section */

/* Begin XCBuildConfiguration section */
		543D51851AC8E37600B67463 /* Debug */ = {
			isa = XCBuildConfiguration;
			buildSettings = {
				ALWAYS_SEARCH_USER_PATHS = NO;
				CLANG_CXX_LANGUAGE_STANDARD = "gnu++0x";
				CLANG_CXX_LIBRARY = "libc++";
				CLANG_ENABLE_MODULES = YES;
				CLANG_ENABLE_OBJC_ARC = YES;
				CLANG_WARN_BOOL_CONVERSION = YES;
				CLANG_WARN_CONSTANT_CONVERSION = YES;
				CLANG_WARN_DIRECT_OBJC_ISA_USAGE = YES_ERROR;
				CLANG_WARN_EMPTY_BODY = YES;
				CLANG_WARN_ENUM_CONVERSION = YES;
				CLANG_WARN_INT_CONVERSION = YES;
				CLANG_WARN_OBJC_ROOT_CLASS = YES_ERROR;
				CLANG_WARN_UNREACHABLE_CODE = YES;
				CLANG_WARN__DUPLICATE_METHOD_MATCH = YES;
				"CODE_SIGN_IDENTITY[sdk=iphoneos*]" = "iPhone Developer";
				COPY_PHASE_STRIP = NO;
				ENABLE_STRICT_OBJC_MSGSEND = YES;
				GCC_C_LANGUAGE_STANDARD = gnu99;
				GCC_DYNAMIC_NO_PIC = NO;
				GCC_OPTIMIZATION_LEVEL = 0;
				GCC_PREPROCESSOR_DEFINITIONS = (
					"DEBUG=1",
					"$(inherited)",
				);
				GCC_SYMBOLS_PRIVATE_EXTERN = NO;
				GCC_WARN_64_TO_32_BIT_CONVERSION = YES;
				GCC_WARN_ABOUT_RETURN_TYPE = YES_ERROR;
				GCC_WARN_UNDECLARED_SELECTOR = YES;
				GCC_WARN_UNINITIALIZED_AUTOS = YES_AGGRESSIVE;
				GCC_WARN_UNUSED_FUNCTION = YES;
				GCC_WARN_UNUSED_VARIABLE = YES;
				IPHONEOS_DEPLOYMENT_TARGET = 8.1;
				MTL_ENABLE_DEBUG_INFO = YES;
				ONLY_ACTIVE_ARCH = YES;
				SDKROOT = iphoneos;
				TARGETED_DEVICE_FAMILY = "1,2";
			};
			name = Debug;
		};
		543D51861AC8E37600B67463 /* Release */ = {
			isa = XCBuildConfiguration;
			buildSettings = {
				ALWAYS_SEARCH_USER_PATHS = NO;
				CLANG_CXX_LANGUAGE_STANDARD = "gnu++0x";
				CLANG_CXX_LIBRARY = "libc++";
				CLANG_ENABLE_MODULES = YES;
				CLANG_ENABLE_OBJC_ARC = YES;
				CLANG_WARN_BOOL_CONVERSION = YES;
				CLANG_WARN_CONSTANT_CONVERSION = YES;
				CLANG_WARN_DIRECT_OBJC_ISA_USAGE = YES_ERROR;
				CLANG_WARN_EMPTY_BODY = YES;
				CLANG_WARN_ENUM_CONVERSION = YES;
				CLANG_WARN_INT_CONVERSION = YES;
				CLANG_WARN_OBJC_ROOT_CLASS = YES_ERROR;
				CLANG_WARN_UNREACHABLE_CODE = YES;
				CLANG_WARN__DUPLICATE_METHOD_MATCH = YES;
				"CODE_SIGN_IDENTITY[sdk=iphoneos*]" = "iPhone Developer";
				COPY_PHASE_STRIP = YES;
				ENABLE_NS_ASSERTIONS = NO;
				ENABLE_STRICT_OBJC_MSGSEND = YES;
				GCC_C_LANGUAGE_STANDARD = gnu99;
				GCC_WARN_64_TO_32_BIT_CONVERSION = YES;
				GCC_WARN_ABOUT_RETURN_TYPE = YES_ERROR;
				GCC_WARN_UNDECLARED_SELECTOR = YES;
				GCC_WARN_UNINITIALIZED_AUTOS = YES_AGGRESSIVE;
				GCC_WARN_UNUSED_FUNCTION = YES;
				GCC_WARN_UNUSED_VARIABLE = YES;
				IPHONEOS_DEPLOYMENT_TARGET = 8.1;
				MTL_ENABLE_DEBUG_INFO = NO;
				SDKROOT = iphoneos;
				TARGETED_DEVICE_FAMILY = "1,2";
				VALIDATE_PRODUCT = YES;
			};
			name = Release;
		};
		543D51881AC8E37600B67463 /* Debug */ = {
			isa = XCBuildConfiguration;
			buildSettings = {
				ASSETCATALOG_COMPILER_APPICON_NAME = AppIcon;
				INFOPLIST_FILE = FlatHangman/Info.plist;
				LD_RUNPATH_SEARCH_PATHS = "$(inherited) @executable_path/Frameworks";
				PRODUCT_NAME = "$(TARGET_NAME)";
			};
			name = Debug;
		};
		543D51891AC8E37600B67463 /* Release */ = {
			isa = XCBuildConfiguration;
			buildSettings = {
				ASSETCATALOG_COMPILER_APPICON_NAME = AppIcon;
				INFOPLIST_FILE = FlatHangman/Info.plist;
				LD_RUNPATH_SEARCH_PATHS = "$(inherited) @executable_path/Frameworks";
				PRODUCT_NAME = "$(TARGET_NAME)";
			};
			name = Release;
		};
		543D518B1AC8E37600B67463 /* Debug */ = {
			isa = XCBuildConfiguration;
			buildSettings = {
				BUNDLE_LOADER = "$(TEST_HOST)";
				FRAMEWORK_SEARCH_PATHS = (
					"$(SDKROOT)/Developer/Library/Frameworks",
					"$(inherited)",
				);
				GCC_PREPROCESSOR_DEFINITIONS = (
					"DEBUG=1",
					"$(inherited)",
				);
				INFOPLIST_FILE = FlatHangmanTests/Info.plist;
				LD_RUNPATH_SEARCH_PATHS = "$(inherited) @executable_path/Frameworks @loader_path/Frameworks";
				PRODUCT_NAME = "$(TARGET_NAME)";
				TEST_HOST = "$(BUILT_PRODUCTS_DIR)/FlatHangman.app/FlatHangman";
			};
			name = Debug;
		};
		543D518C1AC8E37600B67463 /* Release */ = {
			isa = XCBuildConfiguration;
			buildSettings = {
				BUNDLE_LOADER = "$(TEST_HOST)";
				FRAMEWORK_SEARCH_PATHS = (
					"$(SDKROOT)/Developer/Library/Frameworks",
					"$(inherited)",
				);
				INFOPLIST_FILE = FlatHangmanTests/Info.plist;
				LD_RUNPATH_SEARCH_PATHS = "$(inherited) @executable_path/Frameworks @loader_path/Frameworks";
				PRODUCT_NAME = "$(TARGET_NAME)";
				TEST_HOST = "$(BUILT_PRODUCTS_DIR)/FlatHangman.app/FlatHangman";
			};
			name = Release;
		};
/* End XCBuildConfiguration section */

/* Begin XCConfigurationList section */
		543D515F1AC8E37600B67463 /* Build configuration list for PBXProject "FlatHangman" */ = {
			isa = XCConfigurationList;
			buildConfigurations = (
				543D51851AC8E37600B67463 /* Debug */,
				543D51861AC8E37600B67463 /* Release */,
			);
			defaultConfigurationIsVisible = 0;
			defaultConfigurationName = Release;
		};
		543D51871AC8E37600B67463 /* Build configuration list for PBXNativeTarget "FlatHangman" */ = {
			isa = XCConfigurationList;
			buildConfigurations = (
				543D51881AC8E37600B67463 /* Debug */,
				543D51891AC8E37600B67463 /* Release */,
			);
			defaultConfigurationIsVisible = 0;
			defaultConfigurationName = Release;
		};
		543D518A1AC8E37600B67463 /* Build configuration list for PBXNativeTarget "FlatHangmanTests" */ = {
			isa = XCConfigurationList;
			buildConfigurations = (
				543D518B1AC8E37600B67463 /* Debug */,
				543D518C1AC8E37600B67463 /* Release */,
			);
			defaultConfigurationIsVisible = 0;
			defaultConfigurationName = Release;
		};
/* End XCConfigurationList section */
	};
	rootObject = 543D515C1AC8E37600B67463 /* Project object */;
}
